
Microsoft Visual Studio Solution File, Format Version 12.00
# Visual Studio Version 16
VisualStudioVersion = 16.0.30626.31
MinimumVisualStudioVersion = 10.0.40219.1
Project("{9A19103F-16F7-4668-BE54-9A1E7A4F7556}") = "KikClientUI", "KikClientUI\KikClientUI.csproj", "{4CD9BC41-E8DC-4005-B0BE-1478F757CA47}"
EndProject
Project("{9A19103F-16F7-4668-BE54-9A1E7A4F7556}") = "KikClient", "KikClient\KikClient.csproj", "{C4D27F1C-30D0-47E8-B679-05B9951ADCFE}"
EndProject
Project("{9A19103F-16F7-4668-BE54-9A1E7A4F7556}") = "Demo", "Demo\Demo.csproj", "{E590B450-D7D0-47FE-8A01-C5CC6C17E0CE}"
EndProject
Global
	GlobalSection(SolutionConfigurationPlatforms) = preSolution
		Debug|Any CPU = Debug|Any CPU
		Release|Any CPU = Release|Any CPU
	EndGlobalSection
	GlobalSection(ProjectConfigurationPlatforms) = postSolution
		{4CD9BC41-E8DC-4005-B0BE-1478F757CA47}.Debug|Any CPU.ActiveCfg = Debug|Any CPU
		{4CD9BC41-E8DC-4005-B0BE-1478F757CA47}.Debug|Any CPU.Build.0 = Debug|Any CPU
		{4CD9BC41-E8DC-4005-B0BE-1478F757CA47}.Release|Any CPU.ActiveCfg = Release|Any CPU
		{4CD9BC41-E8DC-4005-B0BE-1478F757CA47}.Release|Any CPU.Build.0 = Release|Any CPU
		{C4D27F1C-30D0-47E8-B679-05B9951ADCFE}.Debug|Any CPU.ActiveCfg = Debug|Any CPU
		{C4D27F1C-30D0-47E8-B679-05B9951ADCFE}.Debug|Any CPU.Build.0 = Debug|Any CPU
		{C4D27F1C-30D0-47E8-B679-05B9951ADCFE}.Release|Any CPU.ActiveCfg = Release|Any CPU
		{C4D27F1C-30D0-47E8-B679-05B9951ADCFE}.Release|Any CPU.Build.0 = Release|Any CPU
		{E590B450-D7D0-47FE-8A01-C5CC6C17E0CE}.Debug|Any CPU.ActiveCfg = Debug|Any CPU
		{E590B450-D7D0-47FE-8A01-C5CC6C17E0CE}.Debug|Any CPU.Build.0 = Debug|Any CPU
		{E590B450-D7D0-47FE-8A01-C5CC6C17E0CE}.Release|Any CPU.ActiveCfg = Release|Any CPU
		{E590B450-D7D0-47FE-8A01-C5CC6C17E0CE}.Release|Any CPU.Build.0 = Release|Any CPU
	EndGlobalSection
	GlobalSection(SolutionProperties) = preSolution
		HideSolutionNode = FALSE
	EndGlobalSection
	GlobalSection(ExtensibilityGlobals) = postSolution
		SolutionGuid = {87DFE829-9DF4-4315-BA0F-72E2B5D5E3A8}
	EndGlobalSection
EndGlobal
